
Microsoft Visual Studio Solution File, Format Version 12.00
# Visual Studio Version 17
VisualStudioVersion = 17.2.32519.379
MinimumVisualStudioVersion = 10.0.40219.1
Project("{9A19103F-16F7-4668-BE54-9A1E7A4F7556}") = "VersaServer", "VersaServer.csproj", "{742CA1CE-6BFB-4CCB-B221-D2152EC2AB45}"
EndProject
Global
	GlobalSection(SolutionConfigurationPlatforms) = preSolution
		Debug|Any CPU = Debug|Any CPU
		Release|Any CPU = Release|Any CPU
	EndGlobalSection
	GlobalSection(ProjectConfigurationPlatforms) = postSolution
		{742CA1CE-6BFB-4CCB-B221-D2152EC2AB45}.Debug|Any CPU.ActiveCfg = Debug|Any CPU
		{742CA1CE-6BFB-4CCB-B221-D2152EC2AB45}.Debug|Any CPU.Build.0 = Debug|Any CPU
		{742CA1CE-6BFB-4CCB-B221-D2152EC2AB45}.Release|Any CPU.ActiveCfg = Release|Any CPU
		{742CA1CE-6BFB-4CCB-B221-D2152EC2AB45}.Release|Any CPU.Build.0 = Release|Any CPU
	EndGlobalSection
	GlobalSection(SolutionProperties) = preSolution
		HideSolutionNode = FALSE
	EndGlobalSection
	GlobalSection(ExtensibilityGlobals) = postSolution
		SolutionGuid = {98595CBC-29A3-49A9-8694-BB87F7966829}
	EndGlobalSection
EndGlobal
